
Microsoft Visual Studio Solution File, Format Version 12.00
# Visual Studio Version 16
VisualStudioVersion = 16.0.34729.46
MinimumVisualStudioVersion = 10.0.40219.1
Project("{FAE04EC0-301F-11D3-BF4B-00C04F79EFBC}") = "ConsoleApp2", "ConsoleApp2\ConsoleApp2.csproj", "{17DF8A21-6C37-4032-A6D7-A8A3C345BA0B}"
EndProject
Project("{FAE04EC0-301F-11D3-BF4B-00C04F79EFBC}") = "faszvizsgalat", "faszvizsgalat\faszvizsgalat.csproj", "{18B25DD7-DC71-4A81-9B4E-BFC576423E3D}"
	ProjectSection(ProjectDependencies) = postProject
		{17DF8A21-6C37-4032-A6D7-A8A3C345BA0B} = {17DF8A21-6C37-4032-A6D7-A8A3C345BA0B}
	EndProjectSection
EndProject
Global
	GlobalSection(SolutionConfigurationPlatforms) = preSolution
		Debug|Any CPU = Debug|Any CPU
		Release|Any CPU = Release|Any CPU
	EndGlobalSection
	GlobalSection(ProjectConfigurationPlatforms) = postSolution
		{17DF8A21-6C37-4032-A6D7-A8A3C345BA0B}.Debug|Any CPU.ActiveCfg = Debug|Any CPU
		{17DF8A21-6C37-4032-A6D7-A8A3C345BA0B}.Debug|Any CPU.Build.0 = Debug|Any CPU
		{17DF8A21-6C37-4032-A6D7-A8A3C345BA0B}.Release|Any CPU.ActiveCfg = Release|Any CPU
		{17DF8A21-6C37-4032-A6D7-A8A3C345BA0B}.Release|Any CPU.Build.0 = Release|Any CPU
		{18B25DD7-DC71-4A81-9B4E-BFC576423E3D}.Debug|Any CPU.ActiveCfg = Debug|Any CPU
		{18B25DD7-DC71-4A81-9B4E-BFC576423E3D}.Debug|Any CPU.Build.0 = Debug|Any CPU
		{18B25DD7-DC71-4A81-9B4E-BFC576423E3D}.Release|Any CPU.ActiveCfg = Release|Any CPU
		{18B25DD7-DC71-4A81-9B4E-BFC576423E3D}.Release|Any CPU.Build.0 = Release|Any CPU
	EndGlobalSection
	GlobalSection(SolutionProperties) = preSolution
		HideSolutionNode = FALSE
	EndGlobalSection
	GlobalSection(ExtensibilityGlobals) = postSolution
		SolutionGuid = {C5202F4C-61D6-43F1-8EB1-C95E14998EC3}
	EndGlobalSection
EndGlobal
